{
  "requires": true,
  "lockfileVersion": 1,
  "dependencies": {
    "plain-draggable": {
      "version": "2.5.12",
      "resolved": "https://registry.npmjs.org/plain-draggable/-/plain-draggable-2.5.12.tgz",
      "integrity": "sha512-NVt88QV/MffzEPPRYB77OQjHJ0jtKcyjQcHhBjPvHiMNE1qKSz6eSlJB8YYi5reRxMHVJeOq4jZXTMozHe1SCQ=="
    }
  }
}
